
Microsoft Visual Studio Solution File, Format Version 12.00
# Visual Studio Version 17
VisualStudioVersion = 17.10.34916.146
MinimumVisualStudioVersion = 10.0.40219.1
Project("{9A19103F-16F7-4668-BE54-9A1E7A4F7556}") = "JitHub", "JitHub\JitHub.csproj", "{E6DA2B9B-FFFA-4A00-91E5-00C32E6F7AA6}"
EndProject
Project("{9A19103F-16F7-4668-BE54-9A1E7A4F7556}") = "JitHub.Controls.Code", "JitHub.Controls.Code\JitHub.Controls.Code.csproj", "{C7B6DF98-58EE-4E26-B577-472D2D66F824}"
EndProject
Project("{9A19103F-16F7-4668-BE54-9A1E7A4F7556}") = "JitHub.Clients.Code", "JitHub.Clients.Code\JitHub.Clients.Code.csproj", "{85EA2E93-CF65-4AFF-8AA0-B74523BFA6B9}"
EndProject
Project("{9A19103F-16F7-4668-BE54-9A1E7A4F7556}") = "JitHub.Services.GitHub", "JitHub.Services.GitHubService\JitHub.Services.GitHub.csproj", "{6C46EAC6-D282-48CA-B93B-E86F6FEFF5B0}"
EndProject
Project("{9A19103F-16F7-4668-BE54-9A1E7A4F7556}") = "JitHub.Data.Caching", "JitHub.Data.InMemoryCache\JitHub.Data.Caching.csproj", "{37F0E78E-0A0E-48A9-A897-F085123A15BD}"
EndProject
Project("{2150E333-8FDC-42A3-9474-1A3956D46DE8}") = "Services", "Services", "{3A96BFFB-F0EE-455D-B67E-0D5D8983CFBB}"
EndProject
Project("{9A19103F-16F7-4668-BE54-9A1E7A4F7556}") = "JitHub.Services.Account", "JitHub.Services.Account\JitHub.Services.Account.csproj", "{9E873B45-C406-44E4-BCD4-265ED9C13B68}"
EndProject
Project("{9A19103F-16F7-4668-BE54-9A1E7A4F7556}") = "JitHub.Web", "JitHub.Web\JitHub.Web\JitHub.Web.csproj", "{61894875-2413-430C-B53B-FBC43CAEB021}"
EndProject
Project("{9A19103F-16F7-4668-BE54-9A1E7A4F7556}") = "JitHub.Web.Client", "JitHub.Web\JitHub.Web.Client\JitHub.Web.Client.csproj", "{446FB94A-9B47-47F4-BFD5-19CDA2013AD8}"
EndProject
Project("{2150E333-8FDC-42A3-9474-1A3956D46DE8}") = "Apps", "Apps", "{9F881863-9E51-4D6B-B308-F2F5FB6F07AC}"
EndProject
Project("{2150E333-8FDC-42A3-9474-1A3956D46DE8}") = "Data", "Data", "{D038288B-BF6B-44F6-8DAC-D9516DD2D866}"
EndProject
Project("{2150E333-8FDC-42A3-9474-1A3956D46DE8}") = "Controls", "Controls", "{314CB683-6AA0-4DF7-85E6-60706C02B8F8}"
EndProject
Project("{2150E333-8FDC-42A3-9474-1A3956D46DE8}") = "Web", "Web", "{EA7DC4DC-C721-4CFB-B7BC-18F02EB1C0FF}"
EndProject
Project("{FAE04EC0-301F-11D3-BF4B-00C04F79EFBC}") = "JitHub.Client.GitHubServiceTest", "JitHub.Client.GitHubServiceTest\JitHub.Client.GitHubServiceTest.csproj", "{C60AE0CC-67A8-468A-A473-120C73CEC58A}"
EndProject
Global
	GlobalSection(SolutionConfigurationPlatforms) = preSolution
		Debug|Any CPU = Debug|Any CPU
		Debug|ARM64 = Debug|ARM64
		Debug|x64 = Debug|x64
		Debug|x86 = Debug|x86
		Release|Any CPU = Release|Any CPU
		Release|ARM64 = Release|ARM64
		Release|x64 = Release|x64
		Release|x86 = Release|x86
	EndGlobalSection
	GlobalSection(ProjectConfigurationPlatforms) = postSolution
		{E6DA2B9B-FFFA-4A00-91E5-00C32E6F7AA6}.Debug|Any CPU.ActiveCfg = Debug|x64
		{E6DA2B9B-FFFA-4A00-91E5-00C32E6F7AA6}.Debug|Any CPU.Build.0 = Debug|x64
		{E6DA2B9B-FFFA-4A00-91E5-00C32E6F7AA6}.Debug|Any CPU.Deploy.0 = Debug|x64
		{E6DA2B9B-FFFA-4A00-91E5-00C32E6F7AA6}.Debug|ARM64.ActiveCfg = Debug|ARM64
		{E6DA2B9B-FFFA-4A00-91E5-00C32E6F7AA6}.Debug|ARM64.Build.0 = Debug|ARM64
		{E6DA2B9B-FFFA-4A00-91E5-00C32E6F7AA6}.Debug|ARM64.Deploy.0 = Debug|ARM64
		{E6DA2B9B-FFFA-4A00-91E5-00C32E6F7AA6}.Debug|x64.ActiveCfg = Debug|x64
		{E6DA2B9B-FFFA-4A00-91E5-00C32E6F7AA6}.Debug|x64.Build.0 = Debug|x64
		{E6DA2B9B-FFFA-4A00-91E5-00C32E6F7AA6}.Debug|x64.Deploy.0 = Debug|x64
		{E6DA2B9B-FFFA-4A00-91E5-00C32E6F7AA6}.Debug|x86.ActiveCfg = Debug|x86
		{E6DA2B9B-FFFA-4A00-91E5-00C32E6F7AA6}.Debug|x86.Build.0 = Debug|x86
		{E6DA2B9B-FFFA-4A00-91E5-00C32E6F7AA6}.Debug|x86.Deploy.0 = Debug|x86
		{E6DA2B9B-FFFA-4A00-91E5-00C32E6F7AA6}.Release|Any CPU.ActiveCfg = Release|x64
		{E6DA2B9B-FFFA-4A00-91E5-00C32E6F7AA6}.Release|Any CPU.Build.0 = Release|x64
		{E6DA2B9B-FFFA-4A00-91E5-00C32E6F7AA6}.Release|Any CPU.Deploy.0 = Release|x64
		{E6DA2B9B-FFFA-4A00-91E5-00C32E6F7AA6}.Release|ARM64.ActiveCfg = Release|ARM64
		{E6DA2B9B-FFFA-4A00-91E5-00C32E6F7AA6}.Release|ARM64.Build.0 = Release|ARM64
		{E6DA2B9B-FFFA-4A00-91E5-00C32E6F7AA6}.Release|ARM64.Deploy.0 = Release|ARM64
		{E6DA2B9B-FFFA-4A00-91E5-00C32E6F7AA6}.Release|x64.ActiveCfg = Release|x64
		{E6DA2B9B-FFFA-4A00-91E5-00C32E6F7AA6}.Release|x64.Build.0 = Release|x64
		{E6DA2B9B-FFFA-4A00-91E5-00C32E6F7AA6}.Release|x64.Deploy.0 = Release|x64
		{E6DA2B9B-FFFA-4A00-91E5-00C32E6F7AA6}.Release|x86.ActiveCfg = Release|x86
		{E6DA2B9B-FFFA-4A00-91E5-00C32E6F7AA6}.Release|x86.Build.0 = Release|x86
		{E6DA2B9B-FFFA-4A00-91E5-00C32E6F7AA6}.Release|x86.Deploy.0 = Release|x86
		{C7B6DF98-58EE-4E26-B577-472D2D66F824}.Debug|Any CPU.ActiveCfg = Debug|Any CPU
		{C7B6DF98-58EE-4E26-B577-472D2D66F824}.Debug|Any CPU.Build.0 = Debug|Any CPU
		{C7B6DF98-58EE-4E26-B577-472D2D66F824}.Debug|ARM64.ActiveCfg = Debug|Any CPU
		{C7B6DF98-58EE-4E26-B577-472D2D66F824}.Debug|ARM64.Build.0 = Debug|Any CPU
		{C7B6DF98-58EE-4E26-B577-472D2D66F824}.Debug|x64.ActiveCfg = Debug|Any CPU
		{C7B6DF98-58EE-4E26-B577-472D2D66F824}.Debug|x64.Build.0 = Debug|Any CPU
		{C7B6DF98-58EE-4E26-B577-472D2D66F824}.Debug|x86.ActiveCfg = Debug|Any CPU
		{C7B6DF98-58EE-4E26-B577-472D2D66F824}.Debug|x86.Build.0 = Debug|Any CPU
		{C7B6DF98-58EE-4E26-B577-472D2D66F824}.Release|Any CPU.ActiveCfg = Release|Any CPU
		{C7B6DF98-58EE-4E26-B577-472D2D66F824}.Release|Any CPU.Build.0 = Release|Any CPU
		{C7B6DF98-58EE-4E26-B577-472D2D66F824}.Release|ARM64.ActiveCfg = Release|Any CPU
		{C7B6DF98-58EE-4E26-B577-472D2D66F824}.Release|ARM64.Build.0 = Release|Any CPU
		{C7B6DF98-58EE-4E26-B577-472D2D66F824}.Release|x64.ActiveCfg = Release|Any CPU
		{C7B6DF98-58EE-4E26-B577-472D2D66F824}.Release|x64.Build.0 = Release|Any CPU
		{C7B6DF98-58EE-4E26-B577-472D2D66F824}.Release|x86.ActiveCfg = Release|Any CPU
		{C7B6DF98-58EE-4E26-B577-472D2D66F824}.Release|x86.Build.0 = Release|Any CPU
		{85EA2E93-CF65-4AFF-8AA0-B74523BFA6B9}.Debug|Any CPU.ActiveCfg = Debug|x64
		{85EA2E93-CF65-4AFF-8AA0-B74523BFA6B9}.Debug|Any CPU.Build.0 = Debug|x64
		{85EA2E93-CF65-4AFF-8AA0-B74523BFA6B9}.Debug|Any CPU.Deploy.0 = Debug|x64
		{85EA2E93-CF65-4AFF-8AA0-B74523BFA6B9}.Debug|ARM64.ActiveCfg = Debug|ARM64
		{85EA2E93-CF65-4AFF-8AA0-B74523BFA6B9}.Debug|ARM64.Build.0 = Debug|ARM64
		{85EA2E93-CF65-4AFF-8AA0-B74523BFA6B9}.Debug|ARM64.Deploy.0 = Debug|ARM64
		{85EA2E93-CF65-4AFF-8AA0-B74523BFA6B9}.Debug|x64.ActiveCfg = Debug|x64
		{85EA2E93-CF65-4AFF-8AA0-B74523BFA6B9}.Debug|x64.Build.0 = Debug|x64
		{85EA2E93-CF65-4AFF-8AA0-B74523BFA6B9}.Debug|x64.Deploy.0 = Debug|x64
		{85EA2E93-CF65-4AFF-8AA0-B74523BFA6B9}.Debug|x86.ActiveCfg = Debug|x86
		{85EA2E93-CF65-4AFF-8AA0-B74523BFA6B9}.Debug|x86.Build.0 = Debug|x86
		{85EA2E93-CF65-4AFF-8AA0-B74523BFA6B9}.Debug|x86.Deploy.0 = Debug|x86
		{85EA2E93-CF65-4AFF-8AA0-B74523BFA6B9}.Release|Any CPU.ActiveCfg = Release|x64
		{85EA2E93-CF65-4AFF-8AA0-B74523BFA6B9}.Release|Any CPU.Build.0 = Release|x64
		{85EA2E93-CF65-4AFF-8AA0-B74523BFA6B9}.Release|Any CPU.Deploy.0 = Release|x64
		{85EA2E93-CF65-4AFF-8AA0-B74523BFA6B9}.Release|ARM64.ActiveCfg = Release|ARM64
		{85EA2E93-CF65-4AFF-8AA0-B74523BFA6B9}.Release|ARM64.Build.0 = Release|ARM64
		{85EA2E93-CF65-4AFF-8AA0-B74523BFA6B9}.Release|ARM64.Deploy.0 = Release|ARM64
		{85EA2E93-CF65-4AFF-8AA0-B74523BFA6B9}.Release|x64.ActiveCfg = Release|x64
		{85EA2E93-CF65-4AFF-8AA0-B74523BFA6B9}.Release|x64.Build.0 = Release|x64
		{85EA2E93-CF65-4AFF-8AA0-B74523BFA6B9}.Release|x64.Deploy.0 = Release|x64
		{85EA2E93-CF65-4AFF-8AA0-B74523BFA6B9}.Release|x86.ActiveCfg = Release|x86
		{85EA2E93-CF65-4AFF-8AA0-B74523BFA6B9}.Release|x86.Build.0 = Release|x86
		{85EA2E93-CF65-4AFF-8AA0-B74523BFA6B9}.Release|x86.Deploy.0 = Release|x86
		{6C46EAC6-D282-48CA-B93B-E86F6FEFF5B0}.Debug|Any CPU.ActiveCfg = Debug|Any CPU
		{6C46EAC6-D282-48CA-B93B-E86F6FEFF5B0}.Debug|Any CPU.Build.0 = Debug|Any CPU
		{6C46EAC6-D282-48CA-B93B-E86F6FEFF5B0}.Debug|ARM64.ActiveCfg = Debug|Any CPU
		{6C46EAC6-D282-48CA-B93B-E86F6FEFF5B0}.Debug|ARM64.Build.0 = Debug|Any CPU
		{6C46EAC6-D282-48CA-B93B-E86F6FEFF5B0}.Debug|x64.ActiveCfg = Debug|Any CPU
		{6C46EAC6-D282-48CA-B93B-E86F6FEFF5B0}.Debug|x64.Build.0 = Debug|Any CPU
		{6C46EAC6-D282-48CA-B93B-E86F6FEFF5B0}.Debug|x86.ActiveCfg = Debug|Any CPU
		{6C46EAC6-D282-48CA-B93B-E86F6FEFF5B0}.Debug|x86.Build.0 = Debug|Any CPU
		{6C46EAC6-D282-48CA-B93B-E86F6FEFF5B0}.Release|Any CPU.ActiveCfg = Release|Any CPU
		{6C46EAC6-D282-48CA-B93B-E86F6FEFF5B0}.Release|Any CPU.Build.0 = Release|Any CPU
		{6C46EAC6-D282-48CA-B93B-E86F6FEFF5B0}.Release|ARM64.ActiveCfg = Release|Any CPU
		{6C46EAC6-D282-48CA-B93B-E86F6FEFF5B0}.Release|ARM64.Build.0 = Release|Any CPU
		{6C46EAC6-D282-48CA-B93B-E86F6FEFF5B0}.Release|x64.ActiveCfg = Release|Any CPU
		{6C46EAC6-D282-48CA-B93B-E86F6FEFF5B0}.Release|x64.Build.0 = Release|Any CPU
		{6C46EAC6-D282-48CA-B93B-E86F6FEFF5B0}.Release|x86.ActiveCfg = Release|Any CPU
		{6C46EAC6-D282-48CA-B93B-E86F6FEFF5B0}.Release|x86.Build.0 = Release|Any CPU
		{37F0E78E-0A0E-48A9-A897-F085123A15BD}.Debug|Any CPU.ActiveCfg = Debug|Any CPU
		{37F0E78E-0A0E-48A9-A897-F085123A15BD}.Debug|Any CPU.Build.0 = Debug|Any CPU
		{37F0E78E-0A0E-48A9-A897-F085123A15BD}.Debug|ARM64.ActiveCfg = Debug|Any CPU
		{37F0E78E-0A0E-48A9-A897-F085123A15BD}.Debug|ARM64.Build.0 = Debug|Any CPU
		{37F0E78E-0A0E-48A9-A897-F085123A15BD}.Debug|x64.ActiveCfg = Debug|Any CPU
		{37F0E78E-0A0E-48A9-A897-F085123A15BD}.Debug|x64.Build.0 = Debug|Any CPU
		{37F0E78E-0A0E-48A9-A897-F085123A15BD}.Debug|x86.ActiveCfg = Debug|Any CPU
		{37F0E78E-0A0E-48A9-A897-F085123A15BD}.Debug|x86.Build.0 = Debug|Any CPU
		{37F0E78E-0A0E-48A9-A897-F085123A15BD}.Release|Any CPU.ActiveCfg = Release|Any CPU
		{37F0E78E-0A0E-48A9-A897-F085123A15BD}.Release|Any CPU.Build.0 = Release|Any CPU
		{37F0E78E-0A0E-48A9-A897-F085123A15BD}.Release|ARM64.ActiveCfg = Release|Any CPU
		{37F0E78E-0A0E-48A9-A897-F085123A15BD}.Release|ARM64.Build.0 = Release|Any CPU
		{37F0E78E-0A0E-48A9-A897-F085123A15BD}.Release|x64.ActiveCfg = Release|Any CPU
		{37F0E78E-0A0E-48A9-A897-F085123A15BD}.Release|x64.Build.0 = Release|Any CPU
		{37F0E78E-0A0E-48A9-A897-F085123A15BD}.Release|x86.ActiveCfg = Release|Any CPU
		{37F0E78E-0A0E-48A9-A897-F085123A15BD}.Release|x86.Build.0 = Release|Any CPU
		{9E873B45-C406-44E4-BCD4-265ED9C13B68}.Debug|Any CPU.ActiveCfg = Debug|Any CPU
		{9E873B45-C406-44E4-BCD4-265ED9C13B68}.Debug|Any CPU.Build.0 = Debug|Any CPU
		{9E873B45-C406-44E4-BCD4-265ED9C13B68}.Debug|ARM64.ActiveCfg = Debug|Any CPU
		{9E873B45-C406-44E4-BCD4-265ED9C13B68}.Debug|ARM64.Build.0 = Debug|Any CPU
		{9E873B45-C406-44E4-BCD4-265ED9C13B68}.Debug|x64.ActiveCfg = Debug|Any CPU
		{9E873B45-C406-44E4-BCD4-265ED9C13B68}.Debug|x64.Build.0 = Debug|Any CPU
		{9E873B45-C406-44E4-BCD4-265ED9C13B68}.Debug|x86.ActiveCfg = Debug|Any CPU
		{9E873B45-C406-44E4-BCD4-265ED9C13B68}.Debug|x86.Build.0 = Debug|Any CPU
		{9E873B45-C406-44E4-BCD4-265ED9C13B68}.Release|Any CPU.ActiveCfg = Release|Any CPU
		{9E873B45-C406-44E4-BCD4-265ED9C13B68}.Release|Any CPU.Build.0 = Release|Any CPU
		{9E873B45-C406-44E4-BCD4-265ED9C13B68}.Release|ARM64.ActiveCfg = Release|Any CPU
		{9E873B45-C406-44E4-BCD4-265ED9C13B68}.Release|ARM64.Build.0 = Release|Any CPU
		{9E873B45-C406-44E4-BCD4-265ED9C13B68}.Release|x64.ActiveCfg = Release|Any CPU
		{9E873B45-C406-44E4-BCD4-265ED9C13B68}.Release|x64.Build.0 = Release|Any CPU
		{9E873B45-C406-44E4-BCD4-265ED9C13B68}.Release|x86.ActiveCfg = Release|Any CPU
		{9E873B45-C406-44E4-BCD4-265ED9C13B68}.Release|x86.Build.0 = Release|Any CPU
		{61894875-2413-430C-B53B-FBC43CAEB021}.Debug|Any CPU.ActiveCfg = Debug|Any CPU
		{61894875-2413-430C-B53B-FBC43CAEB021}.Debug|Any CPU.Build.0 = Debug|Any CPU
		{61894875-2413-430C-B53B-FBC43CAEB021}.Debug|ARM64.ActiveCfg = Debug|Any CPU
		{61894875-2413-430C-B53B-FBC43CAEB021}.Debug|ARM64.Build.0 = Debug|Any CPU
		{61894875-2413-430C-B53B-FBC43CAEB021}.Debug|x64.ActiveCfg = Debug|Any CPU
		{61894875-2413-430C-B53B-FBC43CAEB021}.Debug|x64.Build.0 = Debug|Any CPU
		{61894875-2413-430C-B53B-FBC43CAEB021}.Debug|x86.ActiveCfg = Debug|Any CPU
		{61894875-2413-430C-B53B-FBC43CAEB021}.Debug|x86.Build.0 = Debug|Any CPU
		{61894875-2413-430C-B53B-FBC43CAEB021}.Release|Any CPU.ActiveCfg = Release|Any CPU
		{61894875-2413-430C-B53B-FBC43CAEB021}.Release|Any CPU.Build.0 = Release|Any CPU
		{61894875-2413-430C-B53B-FBC43CAEB021}.Release|ARM64.ActiveCfg = Release|Any CPU
		{61894875-2413-430C-B53B-FBC43CAEB021}.Release|ARM64.Build.0 = Release|Any CPU
		{61894875-2413-430C-B53B-FBC43CAEB021}.Release|x64.ActiveCfg = Release|Any CPU
		{61894875-2413-430C-B53B-FBC43CAEB021}.Release|x64.Build.0 = Release|Any CPU
		{61894875-2413-430C-B53B-FBC43CAEB021}.Release|x86.ActiveCfg = Release|Any CPU
		{61894875-2413-430C-B53B-FBC43CAEB021}.Release|x86.Build.0 = Release|Any CPU
		{446FB94A-9B47-47F4-BFD5-19CDA2013AD8}.Debug|Any CPU.ActiveCfg = Debug|Any CPU
		{446FB94A-9B47-47F4-BFD5-19CDA2013AD8}.Debug|Any CPU.Build.0 = Debug|Any CPU
		{446FB94A-9B47-47F4-BFD5-19CDA2013AD8}.Debug|ARM64.ActiveCfg = Debug|Any CPU
		{446FB94A-9B47-47F4-BFD5-19CDA2013AD8}.Debug|ARM64.Build.0 = Debug|Any CPU
		{446FB94A-9B47-47F4-BFD5-19CDA2013AD8}.Debug|x64.ActiveCfg = Debug|Any CPU
		{446FB94A-9B47-47F4-BFD5-19CDA2013AD8}.Debug|x64.Build.0 = Debug|Any CPU
		{446FB94A-9B47-47F4-BFD5-19CDA2013AD8}.Debug|x86.ActiveCfg = Debug|Any CPU
		{446FB94A-9B47-47F4-BFD5-19CDA2013AD8}.Debug|x86.Build.0 = Debug|Any CPU
		{446FB94A-9B47-47F4-BFD5-19CDA2013AD8}.Release|Any CPU.ActiveCfg = Release|Any CPU
		{446FB94A-9B47-47F4-BFD5-19CDA2013AD8}.Release|Any CPU.Build.0 = Release|Any CPU
		{446FB94A-9B47-47F4-BFD5-19CDA2013AD8}.Release|ARM64.ActiveCfg = Release|Any CPU
		{446FB94A-9B47-47F4-BFD5-19CDA2013AD8}.Release|ARM64.Build.0 = Release|Any CPU
		{446FB94A-9B47-47F4-BFD5-19CDA2013AD8}.Release|x64.ActiveCfg = Release|Any CPU
		{446FB94A-9B47-47F4-BFD5-19CDA2013AD8}.Release|x64.Build.0 = Release|Any CPU
		{446FB94A-9B47-47F4-BFD5-19CDA2013AD8}.Release|x86.ActiveCfg = Release|Any CPU
		{446FB94A-9B47-47F4-BFD5-19CDA2013AD8}.Release|x86.Build.0 = Release|Any CPU
		{C60AE0CC-67A8-468A-A473-120C73CEC58A}.Debug|Any CPU.ActiveCfg = Debug|x64
		{C60AE0CC-67A8-468A-A473-120C73CEC58A}.Debug|Any CPU.Build.0 = Debug|x64
		{C60AE0CC-67A8-468A-A473-120C73CEC58A}.Debug|Any CPU.Deploy.0 = Debug|x64
		{C60AE0CC-67A8-468A-A473-120C73CEC58A}.Debug|ARM64.ActiveCfg = Debug|ARM64
		{C60AE0CC-67A8-468A-A473-120C73CEC58A}.Debug|ARM64.Build.0 = Debug|ARM64
		{C60AE0CC-67A8-468A-A473-120C73CEC58A}.Debug|ARM64.Deploy.0 = Debug|ARM64
		{C60AE0CC-67A8-468A-A473-120C73CEC58A}.Debug|x64.ActiveCfg = Debug|x64
		{C60AE0CC-67A8-468A-A473-120C73CEC58A}.Debug|x64.Build.0 = Debug|x64
		{C60AE0CC-67A8-468A-A473-120C73CEC58A}.Debug|x64.Deploy.0 = Debug|x64
		{C60AE0CC-67A8-468A-A473-120C73CEC58A}.Debug|x86.ActiveCfg = Debug|x86
		{C60AE0CC-67A8-468A-A473-120C73CEC58A}.Debug|x86.Build.0 = Debug|x86
		{C60AE0CC-67A8-468A-A473-120C73CEC58A}.Debug|x86.Deploy.0 = Debug|x86
		{C60AE0CC-67A8-468A-A473-120C73CEC58A}.Release|Any CPU.ActiveCfg = Release|x64
		{C60AE0CC-67A8-468A-A473-120C73CEC58A}.Release|Any CPU.Build.0 = Release|x64
		{C60AE0CC-67A8-468A-A473-120C73CEC58A}.Release|Any CPU.Deploy.0 = Release|x64
		{C60AE0CC-67A8-468A-A473-120C73CEC58A}.Release|ARM64.ActiveCfg = Release|ARM64
		{C60AE0CC-67A8-468A-A473-120C73CEC58A}.Release|ARM64.Build.0 = Release|ARM64
		{C60AE0CC-67A8-468A-A473-120C73CEC58A}.Release|ARM64.Deploy.0 = Release|ARM64
		{C60AE0CC-67A8-468A-A473-120C73CEC58A}.Release|x64.ActiveCfg = Release|x64
		{C60AE0CC-67A8-468A-A473-120C73CEC58A}.Release|x64.Build.0 = Release|x64
		{C60AE0CC-67A8-468A-A473-120C73CEC58A}.Release|x64.Deploy.0 = Release|x64
		{C60AE0CC-67A8-468A-A473-120C73CEC58A}.Release|x86.ActiveCfg = Release|x86
		{C60AE0CC-67A8-468A-A473-120C73CEC58A}.Release|x86.Build.0 = Release|x86
		{C60AE0CC-67A8-468A-A473-120C73CEC58A}.Release|x86.Deploy.0 = Release|x86
	EndGlobalSection
	GlobalSection(SolutionProperties) = preSolution
		HideSolutionNode = FALSE
	EndGlobalSection
	GlobalSection(NestedProjects) = preSolution
		{E6DA2B9B-FFFA-4A00-91E5-00C32E6F7AA6} = {9F881863-9E51-4D6B-B308-F2F5FB6F07AC}
		{C7B6DF98-58EE-4E26-B577-472D2D66F824} = {314CB683-6AA0-4DF7-85E6-60706C02B8F8}
		{85EA2E93-CF65-4AFF-8AA0-B74523BFA6B9} = {9F881863-9E51-4D6B-B308-F2F5FB6F07AC}
		{6C46EAC6-D282-48CA-B93B-E86F6FEFF5B0} = {3A96BFFB-F0EE-455D-B67E-0D5D8983CFBB}
		{37F0E78E-0A0E-48A9-A897-F085123A15BD} = {D038288B-BF6B-44F6-8DAC-D9516DD2D866}
		{9E873B45-C406-44E4-BCD4-265ED9C13B68} = {3A96BFFB-F0EE-455D-B67E-0D5D8983CFBB}
		{61894875-2413-430C-B53B-FBC43CAEB021} = {EA7DC4DC-C721-4CFB-B7BC-18F02EB1C0FF}
		{446FB94A-9B47-47F4-BFD5-19CDA2013AD8} = {EA7DC4DC-C721-4CFB-B7BC-18F02EB1C0FF}
		{C60AE0CC-67A8-468A-A473-120C73CEC58A} = {9F881863-9E51-4D6B-B308-F2F5FB6F07AC}
	EndGlobalSection
	GlobalSection(ExtensibilityGlobals) = postSolution
		SolutionGuid = {AEFFA525-E9E0-4D6C-B12E-67780747630C}
	EndGlobalSection
EndGlobal
